// !$*UTF8*$!
{
	archiveVersion = 1;
	classes = {
	};
	objectVersion = 45;
	objects = {

/* Begin PBXBuildFile section */
		AA747D9F0F9514B9006C5449 /* ZipArchive_Prefix.pch in Headers */ = {isa = PBXBuildFile; fileRef = AA747D9E0F9514B9006C5449 /* ZipArchive_Prefix.pch */; };
		AACBBE4A0F95108600F1A2B1 /* Foundation.framework in Frameworks */ = {isa = PBXBuildFile; fileRef = AACBBE490F95108600F1A2B1 /* Foundation.framework */; };
		C9E8EBDC124F3CD70047C862 /* libz.dylib in Frameworks */ = {isa = PBXBuildFile; fileRef = C9E8EBDB124F3CD70047C862 /* libz.dylib */; };
		C9E8EBED124F3D030047C862 /* crypt.h in Headers */ = {isa = PBXBuildFile; fileRef = C9E8EBE3124F3D030047C862 /* crypt.h */; };
		C9E8EBEE124F3D030047C862 /* ioapi.c in Sources */ = {isa = PBXBuildFile; fileRef = C9E8EBE4124F3D030047C862 /* ioapi.c */; };
		C9E8EBEF124F3D030047C862 /* ioapi.h in Headers */ = {isa = PBXBuildFile; fileRef = C9E8EBE5124F3D030047C862 /* ioapi.h */; };
		C9E8EBF1124F3D030047C862 /* mztools.c in Sources */ = {isa = PBXBuildFile; fileRef = C9E8EBE7124F3D030047C862 /* mztools.c */; };
		C9E8EBF2124F3D030047C862 /* mztools.h in Headers */ = {isa = PBXBuildFile; fileRef = C9E8EBE8124F3D030047C862 /* mztools.h */; };
		C9E8EBF3124F3D030047C862 /* unzip.c in Sources */ = {isa = PBXBuildFile; fileRef = C9E8EBE9124F3D030047C862 /* unzip.c */; };
		C9E8EBF4124F3D030047C862 /* unzip.h in Headers */ = {isa = PBXBuildFile; fileRef = C9E8EBEA124F3D030047C862 /* unzip.h */; };
		C9E8EBF5124F3D030047C862 /* zip.c in Sources */ = {isa = PBXBuildFile; fileRef = C9E8EBEB124F3D030047C862 /* zip.c */; };
		C9E8EBF6124F3D030047C862 /* zip.h in Headers */ = {isa = PBXBuildFile; fileRef = C9E8EBEC124F3D030047C862 /* zip.h */; };
		C9E8EBF9124F3D170047C862 /* ZipArchive.h in Headers */ = {isa = PBXBuildFile; fileRef = C9E8EBF7124F3D170047C862 /* ZipArchive.h */; settings = {ATTRIBUTES = (Public, ); }; };
		C9E8EBFA124F3D170047C862 /* ZipArchive.m in Sources */ = {isa = PBXBuildFile; fileRef = C9E8EBF8124F3D170047C862 /* ZipArchive.m */; };
		D503DFF614937DC6000AD83B /* SenTestingKit.framework in Frameworks */ = {isa = PBXBuildFile; fileRef = D503DFF514937DC6000AD83B /* SenTestingKit.framework */; };
		D503DFF814937DC6000AD83B /* UIKit.framework in Frameworks */ = {isa = PBXBuildFile; fileRef = D503DFF714937DC6000AD83B /* UIKit.framework */; };
		D503DFF914937DC6000AD83B /* Foundation.framework in Frameworks */ = {isa = PBXBuildFile; fileRef = AACBBE490F95108600F1A2B1 /* Foundation.framework */; };
		D503DFFF14937DC7000AD83B /* InfoPlist.strings in Resources */ = {isa = PBXBuildFile; fileRef = D503DFFD14937DC7000AD83B /* InfoPlist.strings */; };
		D503E00214937DC7000AD83B /* ZipArchiveTests.m in Sources */ = {isa = PBXBuildFile; fileRef = D503E00114937DC7000AD83B /* ZipArchiveTests.m */; };
		D503E00714937E38000AD83B /* libZipArchive.a in Frameworks */ = {isa = PBXBuildFile; fileRef = D2AAC07E0554694100DB518D /* libZipArchive.a */; };
		D503E00814937EB3000AD83B /* libz.dylib in Frameworks */ = {isa = PBXBuildFile; fileRef = C9E8EBDB124F3CD70047C862 /* libz.dylib */; };
/* End PBXBuildFile section */

/* Begin PBXFileReference section */
		AA747D9E0F9514B9006C5449 /* ZipArchive_Prefix.pch */ = {isa = PBXFileReference; fileEncoding = 4; lastKnownFileType = sourcecode.c.h; path = ZipArchive_Prefix.pch; sourceTree = SOURCE_ROOT; };
		AACBBE490F95108600F1A2B1 /* Foundation.framework */ = {isa = PBXFileReference; lastKnownFileType = wrapper.framework; name = Foundation.framework; path = System/Library/Frameworks/Foundation.framework; sourceTree = SDKROOT; };
		C9E8EBDB124F3CD70047C862 /* libz.dylib */ = {isa = PBXFileReference; lastKnownFileType = "compiled.mach-o.dylib"; name = libz.dylib; path = usr/lib/libz.dylib; sourceTree = SDKROOT; };
		C9E8EBE3124F3D030047C862 /* crypt.h */ = {isa = PBXFileReference; fileEncoding = 4; lastKnownFileType = sourcecode.c.h; path = crypt.h; sourceTree = "<group>"; };
		C9E8EBE4124F3D030047C862 /* ioapi.c */ = {isa = PBXFileReference; fileEncoding = 4; lastKnownFileType = sourcecode.c.c; path = ioapi.c; sourceTree = "<group>"; };
		C9E8EBE5124F3D030047C862 /* ioapi.h */ = {isa = PBXFileReference; fileEncoding = 4; lastKnownFileType = sourcecode.c.h; path = ioapi.h; sourceTree = "<group>"; };
		C9E8EBE7124F3D030047C862 /* mztools.c */ = {isa = PBXFileReference; fileEncoding = 4; lastKnownFileType = sourcecode.c.c; path = mztools.c; sourceTree = "<group>"; };
		C9E8EBE8124F3D030047C862 /* mztools.h */ = {isa = PBXFileReference; fileEncoding = 4; lastKnownFileType = sourcecode.c.h; path = mztools.h; sourceTree = "<group>"; };
		C9E8EBE9124F3D030047C862 /* unzip.c */ = {isa = PBXFileReference; fileEncoding = 4; lastKnownFileType = sourcecode.c.c; path = unzip.c; sourceTree = "<group>"; };
		C9E8EBEA124F3D030047C862 /* unzip.h */ = {isa = PBXFileReference; fileEncoding = 4; lastKnownFileType = sourcecode.c.h; path = unzip.h; sourceTree = "<group>"; };
		C9E8EBEB124F3D030047C862 /* zip.c */ = {isa = PBXFileReference; fileEncoding = 4; lastKnownFileType = sourcecode.c.c; path = zip.c; sourceTree = "<group>"; };
		C9E8EBEC124F3D030047C862 /* zip.h */ = {isa = PBXFileReference; fileEncoding = 4; lastKnownFileType = sourcecode.c.h; path = zip.h; sourceTree = "<group>"; };
		C9E8EBF7124F3D170047C862 /* ZipArchive.h */ = {isa = PBXFileReference; fileEncoding = 4; lastKnownFileType = sourcecode.c.h; name = ZipArchive.h; path = ../ZipArchive.h; sourceTree = "<group>"; };
		C9E8EBF8124F3D170047C862 /* ZipArchive.m */ = {isa = PBXFileReference; fileEncoding = 4; lastKnownFileType = sourcecode.c.objc; name = ZipArchive.m; path = ../ZipArchive.m; sourceTree = "<group>"; };
		D2AAC07E0554694100DB518D /* libZipArchive.a */ = {isa = PBXFileReference; explicitFileType = archive.ar; includeInIndex = 0; path = libZipArchive.a; sourceTree = BUILT_PRODUCTS_DIR; };
		D503DFF414937DC6000AD83B /* ZipArchiveTests.octest */ = {isa = PBXFileReference; explicitFileType = wrapper.cfbundle; includeInIndex = 0; path = ZipArchiveTests.octest; sourceTree = BUILT_PRODUCTS_DIR; };
		D503DFF514937DC6000AD83B /* SenTestingKit.framework */ = {isa = PBXFileReference; lastKnownFileType = wrapper.framework; name = SenTestingKit.framework; path = Library/Frameworks/SenTestingKit.framework; sourceTree = DEVELOPER_DIR; };
		D503DFF714937DC6000AD83B /* UIKit.framework */ = {isa = PBXFileReference; lastKnownFileType = wrapper.framework; name = UIKit.framework; path = Library/Frameworks/UIKit.framework; sourceTree = DEVELOPER_DIR; };
		D503DFFC14937DC6000AD83B /* ZipArchiveTests-Info.plist */ = {isa = PBXFileReference; lastKnownFileType = text.plist.xml; path = "ZipArchiveTests-Info.plist"; sourceTree = "<group>"; };
		D503DFFE14937DC7000AD83B /* en */ = {isa = PBXFileReference; lastKnownFileType = text.plist.strings; name = en; path = en.lproj/InfoPlist.strings; sourceTree = "<group>"; };
		D503E00014937DC7000AD83B /* ZipArchiveTests.h */ = {isa = PBXFileReference; lastKnownFileType = sourcecode.c.h; path = ZipArchiveTests.h; sourceTree = "<group>"; };
		D503E00114937DC7000AD83B /* ZipArchiveTests.m */ = {isa = PBXFileReference; lastKnownFileType = sourcecode.c.objc; path = ZipArchiveTests.m; sourceTree = "<group>"; };
		D503E00314937DC7000AD83B /* ZipArchiveTests-Prefix.pch */ = {isa = PBXFileReference; lastKnownFileType = sourcecode.c.h; path = "ZipArchiveTests-Prefix.pch"; sourceTree = "<group>"; };
/* End PBXFileReference section */

/* Begin PBXFrameworksBuildPhase section */
		D2AAC07C0554694100DB518D /* Frameworks */ = {
			isa = PBXFrameworksBuildPhase;
			buildActionMask = 2147483647;
			files = (
				AACBBE4A0F95108600F1A2B1 /* Foundation.framework in Frameworks */,
				C9E8EBDC124F3CD70047C862 /* libz.dylib in Frameworks */,
			);
			runOnlyForDeploymentPostprocessing = 0;
		};
		D503DFF014937DC6000AD83B /* Frameworks */ = {
			isa = PBXFrameworksBuildPhase;
			buildActionMask = 2147483647;
			files = (
				D503E00814937EB3000AD83B /* libz.dylib in Frameworks */,
				D503E00714937E38000AD83B /* libZipArchive.a in Frameworks */,
				D503DFF614937DC6000AD83B /* SenTestingKit.framework in Frameworks */,
				D503DFF814937DC6000AD83B /* UIKit.framework in Frameworks */,
				D503DFF914937DC6000AD83B /* Foundation.framework in Frameworks */,
			);
			runOnlyForDeploymentPostprocessing = 0;
		};
/* End PBXFrameworksBuildPhase section */

/* Begin PBXGroup section */
		034768DFFF38A50411DB9C8B /* Products */ = {
			isa = PBXGroup;
			children = (
				D2AAC07E0554694100DB518D /* libZipArchive.a */,
				D503DFF414937DC6000AD83B /* ZipArchiveTests.octest */,
			);
			name = Products;
			sourceTree = "<group>";
		};
		0867D691FE84028FC02AAC07 /* ZipArchive */ = {
			isa = PBXGroup;
			children = (
				08FB77AEFE84172EC02AAC07 /* Source */,
				32C88DFF0371C24200C91783 /* Other Sources */,
				D503DFFA14937DC6000AD83B /* ZipArchiveTests */,
				0867D69AFE84028FC02AAC07 /* Frameworks */,
				034768DFFF38A50411DB9C8B /* Products */,
			);
			name = ZipArchive;
			sourceTree = "<group>";
		};
		0867D69AFE84028FC02AAC07 /* Frameworks */ = {
			isa = PBXGroup;
			children = (
				AACBBE490F95108600F1A2B1 /* Foundation.framework */,
				C9E8EBDB124F3CD70047C862 /* libz.dylib */,
				D503DFF514937DC6000AD83B /* SenTestingKit.framework */,
				D503DFF714937DC6000AD83B /* UIKit.framework */,
			);
			name = Frameworks;
			sourceTree = "<group>";
		};
		08FB77AEFE84172EC02AAC07 /* Source */ = {
			isa = PBXGroup;
			children = (
				C9E8EBF7124F3D170047C862 /* ZipArchive.h */,
				C9E8EBF8124F3D170047C862 /* ZipArchive.m */,
				C9E8EBE1124F3D030047C862 /* minizip */,
			);
			name = Source;
			sourceTree = "<group>";
		};
		32C88DFF0371C24200C91783 /* Other Sources */ = {
			isa = PBXGroup;
			children = (
				AA747D9E0F9514B9006C5449 /* ZipArchive_Prefix.pch */,
			);
			name = "Other Sources";
			sourceTree = "<group>";
		};
		C9E8EBE1124F3D030047C862 /* minizip */ = {
			isa = PBXGroup;
			children = (
				C9E8EBE3124F3D030047C862 /* crypt.h */,
				C9E8EBE4124F3D030047C862 /* ioapi.c */,
				C9E8EBE5124F3D030047C862 /* ioapi.h */,
				C9E8EBE7124F3D030047C862 /* mztools.c */,
				C9E8EBE8124F3D030047C862 /* mztools.h */,
				C9E8EBE9124F3D030047C862 /* unzip.c */,
				C9E8EBEA124F3D030047C862 /* unzip.h */,
				C9E8EBEB124F3D030047C862 /* zip.c */,
				C9E8EBEC124F3D030047C862 /* zip.h */,
			);
			name = minizip;
			path = ../minizip;
			sourceTree = SOURCE_ROOT;
		};
		D503DFFA14937DC6000AD83B /* ZipArchiveTests */ = {
			isa = PBXGroup;
			children = (
				D503E00014937DC7000AD83B /* ZipArchiveTests.h */,
				D503E00114937DC7000AD83B /* ZipArchiveTests.m */,
				D503E00914938ECE000AD83B /* Resources */,
				D503DFFB14937DC6000AD83B /* Supporting Files */,
			);
			path = ZipArchiveTests;
			sourceTree = "<group>";
		};
		D503DFFB14937DC6000AD83B /* Supporting Files */ = {
			isa = PBXGroup;
			children = (
				D503DFFC14937DC6000AD83B /* ZipArchiveTests-Info.plist */,
				D503DFFD14937DC7000AD83B /* InfoPlist.strings */,
				D503E00314937DC7000AD83B /* ZipArchiveTests-Prefix.pch */,
			);
			name = "Supporting Files";
			sourceTree = "<group>";
		};
		D503E00914938ECE000AD83B /* Resources */ = {
			isa = PBXGroup;
			children = (
			);
			name = Resources;
			sourceTree = "<group>";
		};
/* End PBXGroup section */

/* Begin PBXHeadersBuildPhase section */
		D2AAC07A0554694100DB518D /* Headers */ = {
			isa = PBXHeadersBuildPhase;
			buildActionMask = 2147483647;
			files = (
				AA747D9F0F9514B9006C5449 /* ZipArchive_Prefix.pch in Headers */,
				C9E8EBED124F3D030047C862 /* crypt.h in Headers */,
				C9E8EBEF124F3D030047C862 /* ioapi.h in Headers */,
				C9E8EBF2124F3D030047C862 /* mztools.h in Headers */,
				C9E8EBF4124F3D030047C862 /* unzip.h in Headers */,
				C9E8EBF6124F3D030047C862 /* zip.h in Headers */,
				C9E8EBF9124F3D170047C862 /* ZipArchive.h in Headers */,
			);
			runOnlyForDeploymentPostprocessing = 0;
		};
/* End PBXHeadersBuildPhase section */

/* Begin PBXNativeTarget section */
		D2AAC07D0554694100DB518D /* ZipArchive */ = {
			isa = PBXNativeTarget;
			buildConfigurationList = 1DEB921E08733DC00010E9CD /* Build configuration list for PBXNativeTarget "ZipArchive" */;
			buildPhases = (
				D2AAC07A0554694100DB518D /* Headers */,
				D2AAC07B0554694100DB518D /* Sources */,
				D2AAC07C0554694100DB518D /* Frameworks */,
			);
			buildRules = (
			);
			dependencies = (
			);
			name = ZipArchive;
			productName = ZipArchive;
			productReference = D2AAC07E0554694100DB518D /* libZipArchive.a */;
			productType = "com.apple.product-type.library.static";
		};
		D503DFF314937DC6000AD83B /* ZipArchiveTests */ = {
			isa = PBXNativeTarget;
			buildConfigurationList = D503E00414937DC7000AD83B /* Build configuration list for PBXNativeTarget "ZipArchiveTests" */;
			buildPhases = (
				D503DFEF14937DC6000AD83B /* Sources */,
				D503DFF014937DC6000AD83B /* Frameworks */,
				D503DFF114937DC6000AD83B /* Resources */,
				D503DFF214937DC6000AD83B /* ShellScript */,
			);
			buildRules = (
			);
			dependencies = (
			);
			name = ZipArchiveTests;
			productName = ZipArchiveTests;
			productReference = D503DFF414937DC6000AD83B /* ZipArchiveTests.octest */;
			productType = "com.apple.product-type.bundle";
		};
/* End PBXNativeTarget section */

/* Begin PBXProject section */
		0867D690FE84028FC02AAC07 /* Project object */ = {
			isa = PBXProject;
			buildConfigurationList = 1DEB922208733DC00010E9CD /* Build configuration list for PBXProject "ZipArchive" */;
			compatibilityVersion = "Xcode 3.1";
			developmentRegion = English;
			hasScannedForEncodings = 1;
			knownRegions = (
				English,
				Japanese,
				French,
				German,
				en,
			);
			mainGroup = 0867D691FE84028FC02AAC07 /* ZipArchive */;
			productRefGroup = 034768DFFF38A50411DB9C8B /* Products */;
			projectDirPath = "";
			projectRoot = "";
			targets = (
				D2AAC07D0554694100DB518D /* ZipArchive */,
				D503DFF314937DC6000AD83B /* ZipArchiveTests */,
			);
		};
/* End PBXProject section */

/* Begin PBXResourcesBuildPhase section */
		D503DFF114937DC6000AD83B /* Resources */ = {
			isa = PBXResourcesBuildPhase;
			buildActionMask = 2147483647;
			files = (
				D503DFFF14937DC7000AD83B /* InfoPlist.strings in Resources */,
			);
			runOnlyForDeploymentPostprocessing = 0;
		};
/* End PBXResourcesBuildPhase section */

/* Begin PBXShellScriptBuildPhase section */
		D503DFF214937DC6000AD83B /* ShellScript */ = {
			isa = PBXShellScriptBuildPhase;
			buildActionMask = 2147483647;
			files = (
			);
			inputPaths = (
			);
			outputPaths = (
			);
			runOnlyForDeploymentPostprocessing = 0;
			shellPath = /bin/sh;
			shellScript = "# Run the unit tests in this test bundle.\n\"${SYSTEM_DEVELOPER_DIR}/Tools/RunUnitTests\"\n";
		};
/* End PBXShellScriptBuildPhase section */

/* Begin PBXSourcesBuildPhase section */
		D2AAC07B0554694100DB518D /* Sources */ = {
			isa = PBXSourcesBuildPhase;
			buildActionMask = 2147483647;
			files = (
				C9E8EBEE124F3D030047C862 /* ioapi.c in Sources */,
				C9E8EBF1124F3D030047C862 /* mztools.c in Sources */,
				C9E8EBF3124F3D030047C862 /* unzip.c in Sources */,
				C9E8EBF5124F3D030047C862 /* zip.c in Sources */,
				C9E8EBFA124F3D170047C862 /* ZipArchive.m in Sources */,
			);
			runOnlyForDeploymentPostprocessing = 0;
		};
		D503DFEF14937DC6000AD83B /* Sources */ = {
			isa = PBXSourcesBuildPhase;
			buildActionMask = 2147483647;
			files = (
				D503E00214937DC7000AD83B /* ZipArchiveTests.m in Sources */,
			);
			runOnlyForDeploymentPostprocessing = 0;
		};
/* End PBXSourcesBuildPhase section */

/* Begin PBXVariantGroup section */
		D503DFFD14937DC7000AD83B /* InfoPlist.strings */ = {
			isa = PBXVariantGroup;
			children = (
				D503DFFE14937DC7000AD83B /* en */,
			);
			name = InfoPlist.strings;
			sourceTree = "<group>";
		};
/* End PBXVariantGroup section */

/* Begin XCBuildConfiguration section */
		1DEB921F08733DC00010E9CD /* Debug */ = {
			isa = XCBuildConfiguration;
			buildSettings = {
				ALWAYS_SEARCH_USER_PATHS = NO;
				ARCHS = "$(ARCHS_STANDARD_32_BIT)";
				COPY_PHASE_STRIP = NO;
				DSTROOT = /tmp/ZipArchive.dst;
				GCC_DYNAMIC_NO_PIC = NO;
				GCC_ENABLE_FIX_AND_CONTINUE = YES;
				GCC_MODEL_TUNING = G5;
				GCC_OPTIMIZATION_LEVEL = 0;
				GCC_PRECOMPILE_PREFIX_HEADER = YES;
				GCC_PREFIX_HEADER = ZipArchive_Prefix.pch;
				INSTALL_PATH = /usr/local/lib;
				PRODUCT_NAME = ZipArchive;
				PUBLIC_HEADERS_FOLDER_PATH = "";
			};
			name = Debug;
		};
		1DEB922008733DC00010E9CD /* Release */ = {
			isa = XCBuildConfiguration;
			buildSettings = {
				ALWAYS_SEARCH_USER_PATHS = NO;
				ARCHS = "$(ARCHS_STANDARD_32_BIT)";
				DSTROOT = /tmp/ZipArchive.dst;
				GCC_MODEL_TUNING = G5;
				GCC_PRECOMPILE_PREFIX_HEADER = YES;
				GCC_PREFIX_HEADER = ZipArchive_Prefix.pch;
				INSTALL_PATH = /usr/local/lib;
				PRODUCT_NAME = ZipArchive;
				PUBLIC_HEADERS_FOLDER_PATH = "";
			};
			name = Release;
		};
		1DEB922308733DC00010E9CD /* Debug */ = {
			isa = XCBuildConfiguration;
			buildSettings = {
				ARCHS = "$(ARCHS_STANDARD_32_BIT)";
				GCC_C_LANGUAGE_STANDARD = c99;
				GCC_OPTIMIZATION_LEVEL = 0;
				GCC_VERSION = com.apple.compilers.llvmgcc42;
				GCC_WARN_ABOUT_RETURN_TYPE = YES;
				GCC_WARN_UNUSED_VARIABLE = YES;
				OTHER_LDFLAGS = "-ObjC";
				PREBINDING = NO;
				SDKROOT = iphoneos;
			};
			name = Debug;
		};
		1DEB922408733DC00010E9CD /* Release */ = {
			isa = XCBuildConfiguration;
			buildSettings = {
				ARCHS = "$(ARCHS_STANDARD_32_BIT)";
				GCC_C_LANGUAGE_STANDARD = c99;
				GCC_WARN_ABOUT_RETURN_TYPE = YES;
				GCC_WARN_UNUSED_VARIABLE = YES;
				OTHER_LDFLAGS = "-ObjC";
				PREBINDING = NO;
				SDKROOT = iphoneos;
			};
			name = Release;
		};
		D503E00514937DC7000AD83B /* Debug */ = {
			isa = XCBuildConfiguration;
			buildSettings = {
				ALWAYS_SEARCH_USER_PATHS = NO;
				CLANG_ENABLE_OBJC_ARC = YES;
				COPY_PHASE_STRIP = NO;
				FRAMEWORK_SEARCH_PATHS = (
					"$(SDKROOT)/Developer/Library/Frameworks",
					"$(DEVELOPER_LIBRARY_DIR)/Frameworks",
				);
				GCC_C_LANGUAGE_STANDARD = gnu99;
				GCC_DYNAMIC_NO_PIC = NO;
				GCC_PRECOMPILE_PREFIX_HEADER = YES;
				GCC_PREFIX_HEADER = "ZipArchiveTests/ZipArchiveTests-Prefix.pch";
				GCC_PREPROCESSOR_DEFINITIONS = (
					"DEBUG=1",
					"$(inherited)",
				);
				GCC_SYMBOLS_PRIVATE_EXTERN = NO;
				GCC_VERSION = com.apple.compilers.llvm.clang.1_0;
				GCC_WARN_ABOUT_MISSING_PROTOTYPES = YES;
				INFOPLIST_FILE = "ZipArchiveTests/ZipArchiveTests-Info.plist";
				IPHONEOS_DEPLOYMENT_TARGET = 5.0;
				PRODUCT_NAME = "$(TARGET_NAME)";
				WRAPPER_EXTENSION = octest;
			};
			name = Debug;
		};
		D503E00614937DC7000AD83B /* Release */ = {
			isa = XCBuildConfiguration;
			buildSettings = {
				ALWAYS_SEARCH_USER_PATHS = NO;
				CLANG_ENABLE_OBJC_ARC = YES;
				COPY_PHASE_STRIP = YES;
				FRAMEWORK_SEARCH_PATHS = (
					"$(SDKROOT)/Developer/Library/Frameworks",
					"$(DEVELOPER_LIBRARY_DIR)/Frameworks",
				);
				GCC_C_LANGUAGE_STANDARD = gnu99;
				GCC_PRECOMPILE_PREFIX_HEADER = YES;
				GCC_PREFIX_HEADER = "ZipArchiveTests/ZipArchiveTests-Prefix.pch";
				GCC_VERSION = com.apple.compilers.llvm.clang.1_0;
				GCC_WARN_ABOUT_MISSING_PROTOTYPES = YES;
				INFOPLIST_FILE = "ZipArchiveTests/ZipArchiveTests-Info.plist";
				IPHONEOS_DEPLOYMENT_TARGET = 5.0;
				PRODUCT_NAME = "$(TARGET_NAME)";
				VALIDATE_PRODUCT = YES;
				WRAPPER_EXTENSION = octest;
			};
			name = Release;
		};
/* End XCBuildConfiguration section */

/* Begin XCConfigurationList section */
		1DEB921E08733DC00010E9CD /* Build configuration list for PBXNativeTarget "ZipArchive" */ = {
			isa = XCConfigurationList;
			buildConfigurations = (
				1DEB921F08733DC00010E9CD /* Debug */,
				1DEB922008733DC00010E9CD /* Release */,
			);
			defaultConfigurationIsVisible = 0;
			defaultConfigurationName = Release;
		};
		1DEB922208733DC00010E9CD /* Build configuration list for PBXProject "ZipArchive" */ = {
			isa = XCConfigurationList;
			buildConfigurations = (
				1DEB922308733DC00010E9CD /* Debug */,
				1DEB922408733DC00010E9CD /* Release */,
			);
			defaultConfigurationIsVisible = 0;
			defaultConfigurationName = Release;
		};
		D503E00414937DC7000AD83B /* Build configuration list for PBXNativeTarget "ZipArchiveTests" */ = {
			isa = XCConfigurationList;
			buildConfigurations = (
				D503E00514937DC7000AD83B /* Debug */,
				D503E00614937DC7000AD83B /* Release */,
			);
			defaultConfigurationIsVisible = 0;
		};
/* End XCConfigurationList section */
	};
	rootObject = 0867D690FE84028FC02AAC07 /* Project object */;
}
